
Microsoft Visual Studio Solution File, Format Version 12.00
# Visual Studio Version 16
VisualStudioVersion = 16.0.31321.278
MinimumVisualStudioVersion = 10.0.40219.1
Project("{FAE04EC0-301F-11D3-BF4B-00C04F79EFBC}") = "tchp", "tchp\tchp.csproj", "{7106AA09-1737-4596-A30A-835E7AE2CCCC}"
EndProject
Global
	GlobalSection(SolutionConfigurationPlatforms) = preSolution
		Debug|Any CPU = Debug|Any CPU
		Release|Any CPU = Release|Any CPU
	EndGlobalSection
	GlobalSection(ProjectConfigurationPlatforms) = postSolution
		{7106AA09-1737-4596-A30A-835E7AE2CCCC}.Debug|Any CPU.ActiveCfg = Debug|Any CPU
		{7106AA09-1737-4596-A30A-835E7AE2CCCC}.Debug|Any CPU.Build.0 = Debug|Any CPU
		{7106AA09-1737-4596-A30A-835E7AE2CCCC}.Release|Any CPU.ActiveCfg = Release|Any CPU
		{7106AA09-1737-4596-A30A-835E7AE2CCCC}.Release|Any CPU.Build.0 = Release|Any CPU
	EndGlobalSection
	GlobalSection(SolutionProperties) = preSolution
		HideSolutionNode = FALSE
	EndGlobalSection
	GlobalSection(ExtensibilityGlobals) = postSolution
		SolutionGuid = {23C7E88A-18BC-46A6-9B57-873B5376D534}
	EndGlobalSection
EndGlobal
